
Microsoft Visual Studio Solution File, Format Version 12.00
# Visual Studio Version 17
VisualStudioVersion = 17.4.33213.308
MinimumVisualStudioVersion = 10.0.40219.1
Project("{9A19103F-16F7-4668-BE54-9A1E7A4F7556}") = "TestProject", "GeometryTestProject\TestProject.csproj", "{A05954AD-A323-4A6F-B49D-A39E33B1B102}"
EndProject
Project("{9A19103F-16F7-4668-BE54-9A1E7A4F7556}") = "PracticeLibrary", "GeometryPracticeLibrary\PracticeLibrary.csproj", "{281FB08D-57A3-4F72-BBD9-EFB6075C5F68}"
EndProject
Global
	GlobalSection(SolutionConfigurationPlatforms) = preSolution
		Debug|Any CPU = Debug|Any CPU
		Release|Any CPU = Release|Any CPU
	EndGlobalSection
	GlobalSection(ProjectConfigurationPlatforms) = postSolution
		{A05954AD-A323-4A6F-B49D-A39E33B1B102}.Debug|Any CPU.ActiveCfg = Debug|Any CPU
		{A05954AD-A323-4A6F-B49D-A39E33B1B102}.Debug|Any CPU.Build.0 = Debug|Any CPU
		{A05954AD-A323-4A6F-B49D-A39E33B1B102}.Release|Any CPU.ActiveCfg = Release|Any CPU
		{A05954AD-A323-4A6F-B49D-A39E33B1B102}.Release|Any CPU.Build.0 = Release|Any CPU
		{281FB08D-57A3-4F72-BBD9-EFB6075C5F68}.Debug|Any CPU.ActiveCfg = Debug|Any CPU
		{281FB08D-57A3-4F72-BBD9-EFB6075C5F68}.Debug|Any CPU.Build.0 = Debug|Any CPU
		{281FB08D-57A3-4F72-BBD9-EFB6075C5F68}.Release|Any CPU.ActiveCfg = Release|Any CPU
		{281FB08D-57A3-4F72-BBD9-EFB6075C5F68}.Release|Any CPU.Build.0 = Release|Any CPU
	EndGlobalSection
	GlobalSection(SolutionProperties) = preSolution
		HideSolutionNode = FALSE
	EndGlobalSection
	GlobalSection(ExtensibilityGlobals) = postSolution
		SolutionGuid = {E4FAFDEA-62B6-4CC4-AF33-061DAE1A69BD}
	EndGlobalSection
EndGlobal
