
Microsoft Visual Studio Solution File, Format Version 12.00
# Visual Studio Version 16
VisualStudioVersion = 16.0.29613.14
MinimumVisualStudioVersion = 10.0.40219.1
Project("{FAE04EC0-301F-11D3-BF4B-00C04F79EFBC}") = "GeometryTestProject", "GeometryTestProject\GeometryTestProject.csproj", "{A05954AD-A323-4A6F-B49D-A39E33B1B102}"
EndProject
Project("{FAE04EC0-301F-11D3-BF4B-00C04F79EFBC}") = "GeometryPracticeLibrary", "GeometryPracticeLibrary\GeometryPracticeLibrary.csproj", "{281FB08D-57A3-4F72-BBD9-EFB6075C5F68}"
EndProject
Global
	GlobalSection(SolutionConfigurationPlatforms) = preSolution
		Debug|Any CPU = Debug|Any CPU
		Release|Any CPU = Release|Any CPU
	EndGlobalSection
	GlobalSection(ProjectConfigurationPlatforms) = postSolution
		{A05954AD-A323-4A6F-B49D-A39E33B1B102}.Debug|Any CPU.ActiveCfg = Debug|Any CPU
		{A05954AD-A323-4A6F-B49D-A39E33B1B102}.Debug|Any CPU.Build.0 = Debug|Any CPU
		{A05954AD-A323-4A6F-B49D-A39E33B1B102}.Release|Any CPU.ActiveCfg = Release|Any CPU
		{A05954AD-A323-4A6F-B49D-A39E33B1B102}.Release|Any CPU.Build.0 = Release|Any CPU
		{281FB08D-57A3-4F72-BBD9-EFB6075C5F68}.Debug|Any CPU.ActiveCfg = Debug|Any CPU
		{281FB08D-57A3-4F72-BBD9-EFB6075C5F68}.Debug|Any CPU.Build.0 = Debug|Any CPU
		{281FB08D-57A3-4F72-BBD9-EFB6075C5F68}.Release|Any CPU.ActiveCfg = Release|Any CPU
		{281FB08D-57A3-4F72-BBD9-EFB6075C5F68}.Release|Any CPU.Build.0 = Release|Any CPU
	EndGlobalSection
	GlobalSection(SolutionProperties) = preSolution
		HideSolutionNode = FALSE
	EndGlobalSection
	GlobalSection(ExtensibilityGlobals) = postSolution
		SolutionGuid = {E4FAFDEA-62B6-4CC4-AF33-061DAE1A69BD}
	EndGlobalSection
EndGlobal
